
Microsoft Visual Studio Solution File, Format Version 12.00
# Visual Studio Version 17
VisualStudioVersion = 17.14.36401.2
MinimumVisualStudioVersion = 10.0.40219.1
Project("{FAE04EC0-301F-11D3-BF4B-00C04F79EFBC}") = "SinoPipe", "SinoPipe\SinoPipe.csproj", "{1FBF8EF8-550E-4725-8FD6-60C673470F4C}"
EndProject
Project("{54435603-DBB4-11D2-8724-00A0C9A8B90C}") = "SinoPipe_Setup", "SinoPipe_Setup\SinoPipe_Setup.vdproj", "{3AAC679C-6151-10C8-0B37-B743AB45540E}"
EndProject
Project("{FAE04EC0-301F-11D3-BF4B-00C04F79EFBC}") = "SinoPipe_2025", "SinoPipe_2025\SinoPipe_2025.csproj", "{DC0087ED-711B-6630-F23D-42C296DFCAD5}"
EndProject
Global
	GlobalSection(SolutionConfigurationPlatforms) = preSolution
		Debug|Any CPU = Debug|Any CPU
		Release|Any CPU = Release|Any CPU
	EndGlobalSection
	GlobalSection(ProjectConfigurationPlatforms) = postSolution
		{1FBF8EF8-550E-4725-8FD6-60C673470F4C}.Debug|Any CPU.ActiveCfg = Debug|Any CPU
		{1FBF8EF8-550E-4725-8FD6-60C673470F4C}.Debug|Any CPU.Build.0 = Debug|Any CPU
		{1FBF8EF8-550E-4725-8FD6-60C673470F4C}.Release|Any CPU.ActiveCfg = Release|Any CPU
		{1FBF8EF8-550E-4725-8FD6-60C673470F4C}.Release|Any CPU.Build.0 = Release|Any CPU
		{3AAC679C-6151-10C8-0B37-B743AB45540E}.Debug|Any CPU.ActiveCfg = Debug
		{3AAC679C-6151-10C8-0B37-B743AB45540E}.Release|Any CPU.ActiveCfg = Release
		{DC0087ED-711B-6630-F23D-42C296DFCAD5}.Debug|Any CPU.ActiveCfg = Debug|Any CPU
		{DC0087ED-711B-6630-F23D-42C296DFCAD5}.Debug|Any CPU.Build.0 = Debug|Any CPU
		{DC0087ED-711B-6630-F23D-42C296DFCAD5}.Release|Any CPU.ActiveCfg = Release|Any CPU
		{DC0087ED-711B-6630-F23D-42C296DFCAD5}.Release|Any CPU.Build.0 = Release|Any CPU
	EndGlobalSection
	GlobalSection(SolutionProperties) = preSolution
		HideSolutionNode = FALSE
	EndGlobalSection
	GlobalSection(ExtensibilityGlobals) = postSolution
		SolutionGuid = {E61A92AE-59FA-413C-BEC8-9268668746F1}
	EndGlobalSection
EndGlobal
